// !$*UTF8*$!
{
	archiveVersion = 1;
	classes = {
	};
	objectVersion = 46;
	objects = {

/* Begin PBXBuildFile section */
		41983FE51E1E9A7F00958771 /* AppDelegate.swift in Sources */ = {isa = PBXBuildFile; fileRef = 41983FE41E1E9A7F00958771 /* AppDelegate.swift */; };
		41983FE71E1E9A7F00958771 /* ViewController.swift in Sources */ = {isa = PBXBuildFile; fileRef = 41983FE61E1E9A7F00958771 /* ViewController.swift */; };
		41983FEA1E1E9A7F00958771 /* Main.storyboard in Resources */ = {isa = PBXBuildFile; fileRef = 41983FE81E1E9A7F00958771 /* Main.storyboard */; };
		41983FEC1E1E9A7F00958771 /* Assets.xcassets in Resources */ = {isa = PBXBuildFile; fileRef = 41983FEB1E1E9A7F00958771 /* Assets.xcassets */; };
		41983FEF1E1E9A7F00958771 /* LaunchScreen.storyboard in Resources */ = {isa = PBXBuildFile; fileRef = 41983FED1E1E9A7F00958771 /* LaunchScreen.storyboard */; };
		41983FFA1E1E9A7F00958771 /* NavigationAppTests.swift in Sources */ = {isa = PBXBuildFile; fileRef = 41983FF91E1E9A7F00958771 /* NavigationAppTests.swift */; };
		419840051E1E9A7F00958771 /* NavigationAppUITests.swift in Sources */ = {isa = PBXBuildFile; fileRef = 419840041E1E9A7F00958771 /* NavigationAppUITests.swift */; };
/* End PBXBuildFile section */

/* Begin PBXContainerItemProxy section */
		41983FF61E1E9A7F00958771 /* PBXContainerItemProxy */ = {
			isa = PBXContainerItemProxy;
			containerPortal = 41983FD91E1E9A7F00958771 /* Project object */;
			proxyType = 1;
			remoteGlobalIDString = 41983FE01E1E9A7F00958771;
			remoteInfo = NavigationApp;
		};
		419840011E1E9A7F00958771 /* PBXContainerItemProxy */ = {
			isa = PBXContainerItemProxy;
			containerPortal = 41983FD91E1E9A7F00958771 /* Project object */;
			proxyType = 1;
			remoteGlobalIDString = 41983FE01E1E9A7F00958771;
			remoteInfo = NavigationApp;
		};
/* End PBXContainerItemProxy section */

/* Begin PBXFileReference section */
		41983FE11E1E9A7F00958771 /* NavigationApp.app */ = {isa = PBXFileReference; explicitFileType = wrapper.application; includeInIndex = 0; path = NavigationApp.app; sourceTree = BUILT_PRODUCTS_DIR; };
		41983FE41E1E9A7F00958771 /* AppDelegate.swift */ = {isa = PBXFileReference; lastKnownFileType = sourcecode.swift; path = AppDelegate.swift; sourceTree = "<group>"; };
		41983FE61E1E9A7F00958771 /* ViewController.swift */ = {isa = PBXFileReference; lastKnownFileType = sourcecode.swift; path = ViewController.swift; sourceTree = "<group>"; };
		41983FE91E1E9A7F00958771 /* Base */ = {isa = PBXFileReference; lastKnownFileType = file.storyboard; name = Base; path = Base.lproj/Main.storyboard; sourceTree = "<group>"; };
		41983FEB1E1E9A7F00958771 /* Assets.xcassets */ = {isa = PBXFileReference; lastKnownFileType = folder.assetcatalog; path = Assets.xcassets; sourceTree = "<group>"; };
		41983FEE1E1E9A7F00958771 /* Base */ = {isa = PBXFileReference; lastKnownFileType = file.storyboard; name = Base; path = Base.lproj/LaunchScreen.storyboard; sourceTree = "<group>"; };
		41983FF01E1E9A7F00958771 /* Info.plist */ = {isa = PBXFileReference; lastKnownFileType = text.plist.xml; path = Info.plist; sourceTree = "<group>"; };
		41983FF51E1E9A7F00958771 /* NavigationAppTests.xctest */ = {isa = PBXFileReference; explicitFileType = wrapper.cfbundle; includeInIndex = 0; path = NavigationAppTests.xctest; sourceTree = BUILT_PRODUCTS_DIR; };
		41983FF91E1E9A7F00958771 /* NavigationAppTests.swift */ = {isa = PBXFileReference; lastKnownFileType = sourcecode.swift; path = NavigationAppTests.swift; sourceTree = "<group>"; };
		41983FFB1E1E9A7F00958771 /* Info.plist */ = {isa = PBXFileReference; lastKnownFileType = text.plist.xml; path = Info.plist; sourceTree = "<group>"; };
		419840001E1E9A7F00958771 /* NavigationAppUITests.xctest */ = {isa = PBXFileReference; explicitFileType = wrapper.cfbundle; includeInIndex = 0; path = NavigationAppUITests.xctest; sourceTree = BUILT_PRODUCTS_DIR; };
		419840041E1E9A7F00958771 /* NavigationAppUITests.swift */ = {isa = PBXFileReference; lastKnownFileType = sourcecode.swift; path = NavigationAppUITests.swift; sourceTree = "<group>"; };
		419840061E1E9A7F00958771 /* Info.plist */ = {isa = PBXFileReference; lastKnownFileType = text.plist.xml; path = Info.plist; sourceTree = "<group>"; };
/* End PBXFileReference section */

/* Begin PBXFrameworksBuildPhase section */
		41983FDE1E1E9A7F00958771 /* Frameworks */ = {
			isa = PBXFrameworksBuildPhase;
			buildActionMask = 2147483647;
			files = (
			);
			runOnlyForDeploymentPostprocessing = 0;
		};
		41983FF21E1E9A7F00958771 /* Frameworks */ = {
			isa = PBXFrameworksBuildPhase;
			buildActionMask = 2147483647;
			files = (
			);
			runOnlyForDeploymentPostprocessing = 0;
		};
		41983FFD1E1E9A7F00958771 /* Frameworks */ = {
			isa = PBXFrameworksBuildPhase;
			buildActionMask = 2147483647;
			files = (
			);
			runOnlyForDeploymentPostprocessing = 0;
		};
/* End PBXFrameworksBuildPhase section */

/* Begin PBXGroup section */
		41983FD81E1E9A7F00958771 = {
			isa = PBXGroup;
			children = (
				41983FE31E1E9A7F00958771 /* NavigationApp */,
				41983FF81E1E9A7F00958771 /* NavigationAppTests */,
				419840031E1E9A7F00958771 /* NavigationAppUITests */,
				41983FE21E1E9A7F00958771 /* Products */,
			);
			sourceTree = "<group>";
		};
		41983FE21E1E9A7F00958771 /* Products */ = {
			isa = PBXGroup;
			children = (
				41983FE11E1E9A7F00958771 /* NavigationApp.app */,
				41983FF51E1E9A7F00958771 /* NavigationAppTests.xctest */,
				419840001E1E9A7F00958771 /* NavigationAppUITests.xctest */,
			);
			name = Products;
			sourceTree = "<group>";
		};
		41983FE31E1E9A7F00958771 /* NavigationApp */ = {
			isa = PBXGroup;
			children = (
				41983FE41E1E9A7F00958771 /* AppDelegate.swift */,
				41983FE61E1E9A7F00958771 /* ViewController.swift */,
				41983FE81E1E9A7F00958771 /* Main.storyboard */,
				41983FEB1E1E9A7F00958771 /* Assets.xcassets */,
				41983FED1E1E9A7F00958771 /* LaunchScreen.storyboard */,
				41983FF01E1E9A7F00958771 /* Info.plist */,
			);
			path = NavigationApp;
			sourceTree = "<group>";
		};
		41983FF81E1E9A7F00958771 /* NavigationAppTests */ = {
			isa = PBXGroup;
			children = (
				41983FF91E1E9A7F00958771 /* NavigationAppTests.swift */,
				41983FFB1E1E9A7F00958771 /* Info.plist */,
			);
			path = NavigationAppTests;
			sourceTree = "<group>";
		};
		419840031E1E9A7F00958771 /* NavigationAppUITests */ = {
			isa = PBXGroup;
			children = (
				419840041E1E9A7F00958771 /* NavigationAppUITests.swift */,
				419840061E1E9A7F00958771 /* Info.plist */,
			);
			path = NavigationAppUITests;
			sourceTree = "<group>";
		};
/* End PBXGroup section */

/* Begin PBXNativeTarget section */
		41983FE01E1E9A7F00958771 /* NavigationApp */ = {
			isa = PBXNativeTarget;
			buildConfigurationList = 419840091E1E9A7F00958771 /* Build configuration list for PBXNativeTarget "NavigationApp" */;
			buildPhases = (
				41983FDD1E1E9A7F00958771 /* Sources */,
				41983FDE1E1E9A7F00958771 /* Frameworks */,
				41983FDF1E1E9A7F00958771 /* Resources */,
			);
			buildRules = (
			);
			dependencies = (
			);
			name = NavigationApp;
			productName = NavigationApp;
			productReference = 41983FE11E1E9A7F00958771 /* NavigationApp.app */;
			productType = "com.apple.product-type.application";
		};
		41983FF41E1E9A7F00958771 /* NavigationAppTests */ = {
			isa = PBXNativeTarget;
			buildConfigurationList = 4198400C1E1E9A7F00958771 /* Build configuration list for PBXNativeTarget "NavigationAppTests" */;
			buildPhases = (
				41983FF11E1E9A7F00958771 /* Sources */,
				41983FF21E1E9A7F00958771 /* Frameworks */,
				41983FF31E1E9A7F00958771 /* Resources */,
			);
			buildRules = (
			);
			dependencies = (
				41983FF71E1E9A7F00958771 /* PBXTargetDependency */,
			);
			name = NavigationAppTests;
			productName = NavigationAppTests;
			productReference = 41983FF51E1E9A7F00958771 /* NavigationAppTests.xctest */;
			productType = "com.apple.product-type.bundle.unit-test";
		};
		41983FFF1E1E9A7F00958771 /* NavigationAppUITests */ = {
			isa = PBXNativeTarget;
			buildConfigurationList = 4198400F1E1E9A7F00958771 /* Build configuration list for PBXNativeTarget "NavigationAppUITests" */;
			buildPhases = (
				41983FFC1E1E9A7F00958771 /* Sources */,
				41983FFD1E1E9A7F00958771 /* Frameworks */,
				41983FFE1E1E9A7F00958771 /* Resources */,
			);
			buildRules = (
			);
			dependencies = (
				419840021E1E9A7F00958771 /* PBXTargetDependency */,
			);
			name = NavigationAppUITests;
			productName = NavigationAppUITests;
			productReference = 419840001E1E9A7F00958771 /* NavigationAppUITests.xctest */;
			productType = "com.apple.product-type.bundle.ui-testing";
		};
/* End PBXNativeTarget section */

/* Begin PBXProject section */
		41983FD91E1E9A7F00958771 /* Project object */ = {
			isa = PBXProject;
			attributes = {
				LastSwiftUpdateCheck = 0820;
				LastUpgradeCheck = 0820;
				ORGANIZATIONNAME = "Hector Montero";
				TargetAttributes = {
					41983FE01E1E9A7F00958771 = {
						CreatedOnToolsVersion = 8.2.1;
						DevelopmentTeam = 3U4W9RVQH2;
						ProvisioningStyle = Automatic;
					};
					41983FF41E1E9A7F00958771 = {
						CreatedOnToolsVersion = 8.2.1;
						DevelopmentTeam = 3U4W9RVQH2;
						ProvisioningStyle = Automatic;
						TestTargetID = 41983FE01E1E9A7F00958771;
					};
					41983FFF1E1E9A7F00958771 = {
						CreatedOnToolsVersion = 8.2.1;
						DevelopmentTeam = 3U4W9RVQH2;
						ProvisioningStyle = Automatic;
						TestTargetID = 41983FE01E1E9A7F00958771;
					};
				};
			};
			buildConfigurationList = 41983FDC1E1E9A7F00958771 /* Build configuration list for PBXProject "NavigationApp" */;
			compatibilityVersion = "Xcode 3.2";
			developmentRegion = English;
			hasScannedForEncodings = 0;
			knownRegions = (
				en,
				Base,
			);
			mainGroup = 41983FD81E1E9A7F00958771;
			productRefGroup = 41983FE21E1E9A7F00958771 /* Products */;
			projectDirPath = "";
			projectRoot = "";
			targets = (
				41983FE01E1E9A7F00958771 /* NavigationApp */,
				41983FF41E1E9A7F00958771 /* NavigationAppTests */,
				41983FFF1E1E9A7F00958771 /* NavigationAppUITests */,
			);
		};
/* End PBXProject section */

/* Begin PBXResourcesBuildPhase section */
		41983FDF1E1E9A7F00958771 /* Resources */ = {
			isa = PBXResourcesBuildPhase;
			buildActionMask = 2147483647;
			files = (
				41983FEF1E1E9A7F00958771 /* LaunchScreen.storyboard in Resources */,
				41983FEC1E1E9A7F00958771 /* Assets.xcassets in Resources */,
				41983FEA1E1E9A7F00958771 /* Main.storyboard in Resources */,
			);
			runOnlyForDeploymentPostprocessing = 0;
		};
		41983FF31E1E9A7F00958771 /* Resources */ = {
			isa = PBXResourcesBuildPhase;
			buildActionMask = 2147483647;
			files = (
			);
			runOnlyForDeploymentPostprocessing = 0;
		};
		41983FFE1E1E9A7F00958771 /* Resources */ = {
			isa = PBXResourcesBuildPhase;
			buildActionMask = 2147483647;
			files = (
			);
			runOnlyForDeploymentPostprocessing = 0;
		};
/* End PBXResourcesBuildPhase section */

/* Begin PBXSourcesBuildPhase section */
		41983FDD1E1E9A7F00958771 /* Sources */ = {
			isa = PBXSourcesBuildPhase;
			buildActionMask = 2147483647;
			files = (
				41983FE71E1E9A7F00958771 /* ViewController.swift in Sources */,
				41983FE51E1E9A7F00958771 /* AppDelegate.swift in Sources */,
			);
			runOnlyForDeploymentPostprocessing = 0;
		};
		41983FF11E1E9A7F00958771 /* Sources */ = {
			isa = PBXSourcesBuildPhase;
			buildActionMask = 2147483647;
			files = (
				41983FFA1E1E9A7F00958771 /* NavigationAppTests.swift in Sources */,
			);
			runOnlyForDeploymentPostprocessing = 0;
		};
		41983FFC1E1E9A7F00958771 /* Sources */ = {
			isa = PBXSourcesBuildPhase;
			buildActionMask = 2147483647;
			files = (
				419840051E1E9A7F00958771 /* NavigationAppUITests.swift in Sources */,
			);
			runOnlyForDeploymentPostprocessing = 0;
		};
/* End PBXSourcesBuildPhase section */

/* Begin PBXTargetDependency section */
		41983FF71E1E9A7F00958771 /* PBXTargetDependency */ = {
			isa = PBXTargetDependency;
			target = 41983FE01E1E9A7F00958771 /* NavigationApp */;
			targetProxy = 41983FF61E1E9A7F00958771 /* PBXContainerItemProxy */;
		};
		419840021E1E9A7F00958771 /* PBXTargetDependency */ = {
			isa = PBXTargetDependency;
			target = 41983FE01E1E9A7F00958771 /* NavigationApp */;
			targetProxy = 419840011E1E9A7F00958771 /* PBXContainerItemProxy */;
		};
/* End PBXTargetDependency section */

/* Begin PBXVariantGroup section */
		41983FE81E1E9A7F00958771 /* Main.storyboard */ = {
			isa = PBXVariantGroup;
			children = (
				41983FE91E1E9A7F00958771 /* Base */,
			);
			name = Main.storyboard;
			sourceTree = "<group>";
		};
		41983FED1E1E9A7F00958771 /* LaunchScreen.storyboard */ = {
			isa = PBXVariantGroup;
			children = (
				41983FEE1E1E9A7F00958771 /* Base */,
			);
			name = LaunchScreen.storyboard;
			sourceTree = "<group>";
		};
/* End PBXVariantGroup section */

/* Begin XCBuildConfiguration section */
		419840071E1E9A7F00958771 /* Debug */ = {
			isa = XCBuildConfiguration;
			buildSettings = {
				ALWAYS_SEARCH_USER_PATHS = NO;
				CLANG_ANALYZER_NONNULL = YES;
				CLANG_CXX_LANGUAGE_STANDARD = "gnu++0x";
				CLANG_CXX_LIBRARY = "libc++";
				CLANG_ENABLE_MODULES = YES;
				CLANG_ENABLE_OBJC_ARC = YES;
				CLANG_WARN_BOOL_CONVERSION = YES;
				CLANG_WARN_CONSTANT_CONVERSION = YES;
				CLANG_WARN_DIRECT_OBJC_ISA_USAGE = YES_ERROR;
				CLANG_WARN_DOCUMENTATION_COMMENTS = YES;
				CLANG_WARN_EMPTY_BODY = YES;
				CLANG_WARN_ENUM_CONVERSION = YES;
				CLANG_WARN_INFINITE_RECURSION = YES;
				CLANG_WARN_INT_CONVERSION = YES;
				CLANG_WARN_OBJC_ROOT_CLASS = YES_ERROR;
				CLANG_WARN_SUSPICIOUS_MOVE = YES;
				CLANG_WARN_UNREACHABLE_CODE = YES;
				CLANG_WARN__DUPLICATE_METHOD_MATCH = YES;
				"CODE_SIGN_IDENTITY[sdk=iphoneos*]" = "iPhone Developer";
				COPY_PHASE_STRIP = NO;
				DEBUG_INFORMATION_FORMAT = dwarf;
				ENABLE_STRICT_OBJC_MSGSEND = YES;
				ENABLE_TESTABILITY = YES;
				GCC_C_LANGUAGE_STANDARD = gnu99;
				GCC_DYNAMIC_NO_PIC = NO;
				GCC_NO_COMMON_BLOCKS = YES;
				GCC_OPTIMIZATION_LEVEL = 0;
				GCC_PREPROCESSOR_DEFINITIONS = (
					"DEBUG=1",
					"$(inherited)",
				);
				GCC_WARN_64_TO_32_BIT_CONVERSION = YES;
				GCC_WARN_ABOUT_RETURN_TYPE = YES_ERROR;
				GCC_WARN_UNDECLARED_SELECTOR = YES;
				GCC_WARN_UNINITIALIZED_AUTOS = YES_AGGRESSIVE;
				GCC_WARN_UNUSED_FUNCTION = YES;
				GCC_WARN_UNUSED_VARIABLE = YES;
				IPHONEOS_DEPLOYMENT_TARGET = 10.2;
				MTL_ENABLE_DEBUG_INFO = YES;
				ONLY_ACTIVE_ARCH = YES;
				SDKROOT = iphoneos;
				SWIFT_ACTIVE_COMPILATION_CONDITIONS = DEBUG;
				SWIFT_OPTIMIZATION_LEVEL = "-Onone";
				TARGETED_DEVICE_FAMILY = "1,2";
			};
			name = Debug;
		};
		419840081E1E9A7F00958771 /* Release */ = {
			isa = XCBuildConfiguration;
			buildSettings = {
				ALWAYS_SEARCH_USER_PATHS = NO;
				CLANG_ANALYZER_NONNULL = YES;
				CLANG_CXX_LANGUAGE_STANDARD = "gnu++0x";
				CLANG_CXX_LIBRARY = "libc++";
				CLANG_ENABLE_MODULES = YES;
				CLANG_ENABLE_OBJC_ARC = YES;
				CLANG_WARN_BOOL_CONVERSION = YES;
				CLANG_WARN_CONSTANT_CONVERSION = YES;
				CLANG_WARN_DIRECT_OBJC_ISA_USAGE = YES_ERROR;
				CLANG_WARN_DOCUMENTATION_COMMENTS = YES;
				CLANG_WARN_EMPTY_BODY = YES;
				CLANG_WARN_ENUM_CONVERSION = YES;
				CLANG_WARN_INFINITE_RECURSION = YES;
				CLANG_WARN_INT_CONVERSION = YES;
				CLANG_WARN_OBJC_ROOT_CLASS = YES_ERROR;
				CLANG_WARN_SUSPICIOUS_MOVE = YES;
				CLANG_WARN_UNREACHABLE_CODE = YES;
				CLANG_WARN__DUPLICATE_METHOD_MATCH = YES;
				"CODE_SIGN_IDENTITY[sdk=iphoneos*]" = "iPhone Developer";
				COPY_PHASE_STRIP = NO;
				DEBUG_INFORMATION_FORMAT = "dwarf-with-dsym";
				ENABLE_NS_ASSERTIONS = NO;
				ENABLE_STRICT_OBJC_MSGSEND = YES;
				GCC_C_LANGUAGE_STANDARD = gnu99;
				GCC_NO_COMMON_BLOCKS = YES;
				GCC_WARN_64_TO_32_BIT_CONVERSION = YES;
				GCC_WARN_ABOUT_RETURN_TYPE = YES_ERROR;
				GCC_WARN_UNDECLARED_SELECTOR = YES;
				GCC_WARN_UNINITIALIZED_AUTOS = YES_AGGRESSIVE;
				GCC_WARN_UNUSED_FUNCTION = YES;
				GCC_WARN_UNUSED_VARIABLE = YES;
				IPHONEOS_DEPLOYMENT_TARGET = 10.2;
				MTL_ENABLE_DEBUG_INFO = NO;
				SDKROOT = iphoneos;
				SWIFT_OPTIMIZATION_LEVEL = "-Owholemodule";
				TARGETED_DEVICE_FAMILY = "1,2";
				VALIDATE_PRODUCT = YES;
			};
			name = Release;
		};
		4198400A1E1E9A7F00958771 /* Debug */ = {
			isa = XCBuildConfiguration;
			buildSettings = {
				ASSETCATALOG_COMPILER_APPICON_NAME = AppIcon;
				DEVELOPMENT_TEAM = 3U4W9RVQH2;
				INFOPLIST_FILE = NavigationApp/Info.plist;
				LD_RUNPATH_SEARCH_PATHS = "$(inherited) @executable_path/Frameworks";
				PRODUCT_BUNDLE_IDENTIFIER = com.screatch.NavigationApp;
				PRODUCT_NAME = "$(TARGET_NAME)";
				SWIFT_VERSION = 3.0;
			};
			name = Debug;
		};
		4198400B1E1E9A7F00958771 /* Release */ = {
			isa = XCBuildConfiguration;
			buildSettings = {
				ASSETCATALOG_COMPILER_APPICON_NAME = AppIcon;
				DEVELOPMENT_TEAM = 3U4W9RVQH2;
				INFOPLIST_FILE = NavigationApp/Info.plist;
				LD_RUNPATH_SEARCH_PATHS = "$(inherited) @executable_path/Frameworks";
				PRODUCT_BUNDLE_IDENTIFIER = com.screatch.NavigationApp;
				PRODUCT_NAME = "$(TARGET_NAME)";
				SWIFT_VERSION = 3.0;
			};
			name = Release;
		};
		4198400D1E1E9A7F00958771 /* Debug */ = {
			isa = XCBuildConfiguration;
			buildSettings = {
				ALWAYS_EMBED_SWIFT_STANDARD_LIBRARIES = YES;
				BUNDLE_LOADER = "$(TEST_HOST)";
				DEVELOPMENT_TEAM = 3U4W9RVQH2;
				INFOPLIST_FILE = NavigationAppTests/Info.plist;
				LD_RUNPATH_SEARCH_PATHS = "$(inherited) @executable_path/Frameworks @loader_path/Frameworks";
				PRODUCT_BUNDLE_IDENTIFIER = com.screatch.NavigationAppTests;
				PRODUCT_NAME = "$(TARGET_NAME)";
				SWIFT_VERSION = 3.0;
				TEST_HOST = "$(BUILT_PRODUCTS_DIR)/NavigationApp.app/NavigationApp";
			};
			name = Debug;
		};
		4198400E1E1E9A7F00958771 /* Release */ = {
			isa = XCBuildConfiguration;
			buildSettings = {
				ALWAYS_EMBED_SWIFT_STANDARD_LIBRARIES = YES;
				BUNDLE_LOADER = "$(TEST_HOST)";
				DEVELOPMENT_TEAM = 3U4W9RVQH2;
				INFOPLIST_FILE = NavigationAppTests/Info.plist;
				LD_RUNPATH_SEARCH_PATHS = "$(inherited) @executable_path/Frameworks @loader_path/Frameworks";
				PRODUCT_BUNDLE_IDENTIFIER = com.screatch.NavigationAppTests;
				PRODUCT_NAME = "$(TARGET_NAME)";
				SWIFT_VERSION = 3.0;
				TEST_HOST = "$(BUILT_PRODUCTS_DIR)/NavigationApp.app/NavigationApp";
			};
			name = Release;
		};
		419840101E1E9A7F00958771 /* Debug */ = {
			isa = XCBuildConfiguration;
			buildSettings = {
				ALWAYS_EMBED_SWIFT_STANDARD_LIBRARIES = YES;
				DEVELOPMENT_TEAM = 3U4W9RVQH2;
				INFOPLIST_FILE = NavigationAppUITests/Info.plist;
				LD_RUNPATH_SEARCH_PATHS = "$(inherited) @executable_path/Frameworks @loader_path/Frameworks";
				PRODUCT_BUNDLE_IDENTIFIER = com.screatch.NavigationAppUITests;
				PRODUCT_NAME = "$(TARGET_NAME)";
				SWIFT_VERSION = 3.0;
				TEST_TARGET_NAME = NavigationApp;
			};
			name = Debug;
		};
		419840111E1E9A7F00958771 /* Release */ = {
			isa = XCBuildConfiguration;
			buildSettings = {
				ALWAYS_EMBED_SWIFT_STANDARD_LIBRARIES = YES;
				DEVELOPMENT_TEAM = 3U4W9RVQH2;
				INFOPLIST_FILE = NavigationAppUITests/Info.plist;
				LD_RUNPATH_SEARCH_PATHS = "$(inherited) @executable_path/Frameworks @loader_path/Frameworks";
				PRODUCT_BUNDLE_IDENTIFIER = com.screatch.NavigationAppUITests;
				PRODUCT_NAME = "$(TARGET_NAME)";
				SWIFT_VERSION = 3.0;
				TEST_TARGET_NAME = NavigationApp;
			};
			name = Release;
		};
/* End XCBuildConfiguration section */

/* Begin XCConfigurationList section */
		41983FDC1E1E9A7F00958771 /* Build configuration list for PBXProject "NavigationApp" */ = {
			isa = XCConfigurationList;
			buildConfigurations = (
				419840071E1E9A7F00958771 /* Debug */,
				419840081E1E9A7F00958771 /* Release */,
			);
			defaultConfigurationIsVisible = 0;
			defaultConfigurationName = Release;
		};
		419840091E1E9A7F00958771 /* Build configuration list for PBXNativeTarget "NavigationApp" */ = {
			isa = XCConfigurationList;
			buildConfigurations = (
				4198400A1E1E9A7F00958771 /* Debug */,
				4198400B1E1E9A7F00958771 /* Release */,
			);
			defaultConfigurationIsVisible = 0;
		};
		4198400C1E1E9A7F00958771 /* Build configuration list for PBXNativeTarget "NavigationAppTests" */ = {
			isa = XCConfigurationList;
			buildConfigurations = (
				4198400D1E1E9A7F00958771 /* Debug */,
				4198400E1E1E9A7F00958771 /* Release */,
			);
			defaultConfigurationIsVisible = 0;
		};
		4198400F1E1E9A7F00958771 /* Build configuration list for PBXNativeTarget "NavigationAppUITests" */ = {
			isa = XCConfigurationList;
			buildConfigurations = (
				419840101E1E9A7F00958771 /* Debug */,
				419840111E1E9A7F00958771 /* Release */,
			);
			defaultConfigurationIsVisible = 0;
		};
/* End XCConfigurationList section */
	};
	rootObject = 41983FD91E1E9A7F00958771 /* Project object */;
}
